
Microsoft Visual Studio Solution File, Format Version 12.00
# Visual Studio 15
Project("{FAE04EC0-301F-11D3-BF4B-00C04F79EFBC}") = "COSMOS", "COSMOS.csproj", "{0F8521FB-A7E9-8081-F8DB-E58543140C1D}"
EndProject
Project("{FAE04EC0-301F-11D3-BF4B-00C04F79EFBC}") = "COSMOS.Core", "COSMOS.Core.csproj", "{4B6D4B28-B4B0-4600-87B4-94A81F1CE99A}"
EndProject
Global
	GlobalSection(SolutionConfigurationPlatforms) = preSolution
		Debug|Any CPU = Debug|Any CPU
		Release|Any CPU = Release|Any CPU
	EndGlobalSection
	GlobalSection(ProjectConfigurationPlatforms) = postSolution
		{0F8521FB-A7E9-8081-F8DB-E58543140C1D}.Debug|Any CPU.ActiveCfg = Debug|Any CPU
		{0F8521FB-A7E9-8081-F8DB-E58543140C1D}.Debug|Any CPU.Build.0 = Debug|Any CPU
		{0F8521FB-A7E9-8081-F8DB-E58543140C1D}.Release|Any CPU.ActiveCfg = Release|Any CPU
		{0F8521FB-A7E9-8081-F8DB-E58543140C1D}.Release|Any CPU.Build.0 = Release|Any CPU
		{4B6D4B28-B4B0-4600-87B4-94A81F1CE99A}.Debug|Any CPU.ActiveCfg = Debug|Any CPU
		{4B6D4B28-B4B0-4600-87B4-94A81F1CE99A}.Debug|Any CPU.Build.0 = Debug|Any CPU
		{4B6D4B28-B4B0-4600-87B4-94A81F1CE99A}.Release|Any CPU.ActiveCfg = Release|Any CPU
		{4B6D4B28-B4B0-4600-87B4-94A81F1CE99A}.Release|Any CPU.Build.0 = Release|Any CPU
	EndGlobalSection
	GlobalSection(SolutionProperties) = preSolution
		HideSolutionNode = FALSE
	EndGlobalSection
EndGlobal
