
Microsoft Visual Studio Solution File, Format Version 12.00
# Visual Studio 15
Project("{FAE04EC0-301F-11D3-BF4B-00C04F79EFBC}") = "Box2D", "Box2D.csproj", "{099D9C61-F7BD-CDEB-A068-675CE1242686}"
EndProject
Project("{FAE04EC0-301F-11D3-BF4B-00C04F79EFBC}") = "COSMOS", "COSMOS.csproj", "{0F8521FB-A7E9-8081-F8DB-E58543140C1D}"
EndProject
Project("{FAE04EC0-301F-11D3-BF4B-00C04F79EFBC}") = "COSMOS.GameWorld.Space", "COSMOS.GameWorld.Space.csproj", "{33314B90-0716-B59C-DE20-4F0B7701C3A4}"
EndProject
Project("{FAE04EC0-301F-11D3-BF4B-00C04F79EFBC}") = "COSMOS.Core", "COSMOS.Core.csproj", "{4B6D4B28-B4B0-4600-87B4-94A81F1CE99A}"
EndProject
Project("{FAE04EC0-301F-11D3-BF4B-00C04F79EFBC}") = "COSMOS.GameWorld", "COSMOS.GameWorld.csproj", "{C4EC772C-A4A5-4334-1042-2A84F706EA7F}"
EndProject
Project("{FAE04EC0-301F-11D3-BF4B-00C04F79EFBC}") = "LogLover", "LogLover.csproj", "{EE721F10-32BE-76AB-CF43-40F64C09C7AC}"
EndProject
Project("{FAE04EC0-301F-11D3-BF4B-00C04F79EFBC}") = "COSMOS.Common.Inventory", "COSMOS.Common.Inventory.csproj", "{FBF4B850-C740-FA91-76A6-EB9A23622FBA}"
EndProject
Global
	GlobalSection(SolutionConfigurationPlatforms) = preSolution
		Debug|Any CPU = Debug|Any CPU
		Release|Any CPU = Release|Any CPU
	EndGlobalSection
	GlobalSection(ProjectConfigurationPlatforms) = postSolution
		{099D9C61-F7BD-CDEB-A068-675CE1242686}.Debug|Any CPU.ActiveCfg = Debug|Any CPU
		{099D9C61-F7BD-CDEB-A068-675CE1242686}.Debug|Any CPU.Build.0 = Debug|Any CPU
		{099D9C61-F7BD-CDEB-A068-675CE1242686}.Release|Any CPU.ActiveCfg = Release|Any CPU
		{099D9C61-F7BD-CDEB-A068-675CE1242686}.Release|Any CPU.Build.0 = Release|Any CPU
		{0F8521FB-A7E9-8081-F8DB-E58543140C1D}.Debug|Any CPU.ActiveCfg = Debug|Any CPU
		{0F8521FB-A7E9-8081-F8DB-E58543140C1D}.Debug|Any CPU.Build.0 = Debug|Any CPU
		{0F8521FB-A7E9-8081-F8DB-E58543140C1D}.Release|Any CPU.ActiveCfg = Release|Any CPU
		{0F8521FB-A7E9-8081-F8DB-E58543140C1D}.Release|Any CPU.Build.0 = Release|Any CPU
		{33314B90-0716-B59C-DE20-4F0B7701C3A4}.Debug|Any CPU.ActiveCfg = Debug|Any CPU
		{33314B90-0716-B59C-DE20-4F0B7701C3A4}.Debug|Any CPU.Build.0 = Debug|Any CPU
		{33314B90-0716-B59C-DE20-4F0B7701C3A4}.Release|Any CPU.ActiveCfg = Release|Any CPU
		{33314B90-0716-B59C-DE20-4F0B7701C3A4}.Release|Any CPU.Build.0 = Release|Any CPU
		{4B6D4B28-B4B0-4600-87B4-94A81F1CE99A}.Debug|Any CPU.ActiveCfg = Debug|Any CPU
		{4B6D4B28-B4B0-4600-87B4-94A81F1CE99A}.Debug|Any CPU.Build.0 = Debug|Any CPU
		{4B6D4B28-B4B0-4600-87B4-94A81F1CE99A}.Release|Any CPU.ActiveCfg = Release|Any CPU
		{4B6D4B28-B4B0-4600-87B4-94A81F1CE99A}.Release|Any CPU.Build.0 = Release|Any CPU
		{C4EC772C-A4A5-4334-1042-2A84F706EA7F}.Debug|Any CPU.ActiveCfg = Debug|Any CPU
		{C4EC772C-A4A5-4334-1042-2A84F706EA7F}.Debug|Any CPU.Build.0 = Debug|Any CPU
		{C4EC772C-A4A5-4334-1042-2A84F706EA7F}.Release|Any CPU.ActiveCfg = Release|Any CPU
		{C4EC772C-A4A5-4334-1042-2A84F706EA7F}.Release|Any CPU.Build.0 = Release|Any CPU
		{EE721F10-32BE-76AB-CF43-40F64C09C7AC}.Debug|Any CPU.ActiveCfg = Debug|Any CPU
		{EE721F10-32BE-76AB-CF43-40F64C09C7AC}.Debug|Any CPU.Build.0 = Debug|Any CPU
		{EE721F10-32BE-76AB-CF43-40F64C09C7AC}.Release|Any CPU.ActiveCfg = Release|Any CPU
		{EE721F10-32BE-76AB-CF43-40F64C09C7AC}.Release|Any CPU.Build.0 = Release|Any CPU
		{FBF4B850-C740-FA91-76A6-EB9A23622FBA}.Debug|Any CPU.ActiveCfg = Debug|Any CPU
		{FBF4B850-C740-FA91-76A6-EB9A23622FBA}.Debug|Any CPU.Build.0 = Debug|Any CPU
		{FBF4B850-C740-FA91-76A6-EB9A23622FBA}.Release|Any CPU.ActiveCfg = Release|Any CPU
		{FBF4B850-C740-FA91-76A6-EB9A23622FBA}.Release|Any CPU.Build.0 = Release|Any CPU
	EndGlobalSection
	GlobalSection(SolutionProperties) = preSolution
		HideSolutionNode = FALSE
	EndGlobalSection
EndGlobal
